
Microsoft Visual Studio Solution File, Format Version 12.00
# Visual Studio 15
Project("{FAE04EC0-301F-11D3-BF4B-00C04F79EFBC}") = "Unity.ML-Agents.Extensions.Input", "Unity.ML-Agents.Extensions.Input.csproj", "{F4D99114-497E-13E0-4F91-5ABCC376FA03}"
EndProject
Project("{FAE04EC0-301F-11D3-BF4B-00C04F79EFBC}") = "Unity.ML-Agents.Extensions", "Unity.ML-Agents.Extensions.csproj", "{D5A24F9C-32EA-FCB3-D181-46F31EE66067}"
EndProject
Project("{FAE04EC0-301F-11D3-BF4B-00C04F79EFBC}") = "Assembly-CSharp", "Assembly-CSharp.csproj", "{0807464D-89B5-1027-2312-87A9B8C47C3B}"
EndProject
Project("{FAE04EC0-301F-11D3-BF4B-00C04F79EFBC}") = "Unity.ML-Agents.Extensions.Editor", "Unity.ML-Agents.Extensions.Editor.csproj", "{B987BE1F-D2A4-EE63-D2F4-09BA568F342C}"
EndProject
Project("{FAE04EC0-301F-11D3-BF4B-00C04F79EFBC}") = "Unity.ML-Agents.Extensions.Editor.Input", "Unity.ML-Agents.Extensions.Editor.Input.csproj", "{A53DEBD4-5F7C-0EE9-268C-B5DE8E5CD2B7}"
EndProject
Global
	GlobalSection(SolutionConfigurationPlatforms) = preSolution
		Debug|Any CPU = Debug|Any CPU
		Release|Any CPU = Release|Any CPU
	EndGlobalSection
	GlobalSection(ProjectConfigurationPlatforms) = postSolution
		{F4D99114-497E-13E0-4F91-5ABCC376FA03}.Debug|Any CPU.ActiveCfg = Debug|Any CPU
		{F4D99114-497E-13E0-4F91-5ABCC376FA03}.Debug|Any CPU.Build.0 = Debug|Any CPU
		{F4D99114-497E-13E0-4F91-5ABCC376FA03}.Release|Any CPU.ActiveCfg = Release|Any CPU
		{F4D99114-497E-13E0-4F91-5ABCC376FA03}.Release|Any CPU.Build.0 = Release|Any CPU
		{D5A24F9C-32EA-FCB3-D181-46F31EE66067}.Debug|Any CPU.ActiveCfg = Debug|Any CPU
		{D5A24F9C-32EA-FCB3-D181-46F31EE66067}.Debug|Any CPU.Build.0 = Debug|Any CPU
		{D5A24F9C-32EA-FCB3-D181-46F31EE66067}.Release|Any CPU.ActiveCfg = Release|Any CPU
		{D5A24F9C-32EA-FCB3-D181-46F31EE66067}.Release|Any CPU.Build.0 = Release|Any CPU
		{0807464D-89B5-1027-2312-87A9B8C47C3B}.Debug|Any CPU.ActiveCfg = Debug|Any CPU
		{0807464D-89B5-1027-2312-87A9B8C47C3B}.Debug|Any CPU.Build.0 = Debug|Any CPU
		{0807464D-89B5-1027-2312-87A9B8C47C3B}.Release|Any CPU.ActiveCfg = Release|Any CPU
		{0807464D-89B5-1027-2312-87A9B8C47C3B}.Release|Any CPU.Build.0 = Release|Any CPU
		{B987BE1F-D2A4-EE63-D2F4-09BA568F342C}.Debug|Any CPU.ActiveCfg = Debug|Any CPU
		{B987BE1F-D2A4-EE63-D2F4-09BA568F342C}.Debug|Any CPU.Build.0 = Debug|Any CPU
		{B987BE1F-D2A4-EE63-D2F4-09BA568F342C}.Release|Any CPU.ActiveCfg = Release|Any CPU
		{B987BE1F-D2A4-EE63-D2F4-09BA568F342C}.Release|Any CPU.Build.0 = Release|Any CPU
		{A53DEBD4-5F7C-0EE9-268C-B5DE8E5CD2B7}.Debug|Any CPU.ActiveCfg = Debug|Any CPU
		{A53DEBD4-5F7C-0EE9-268C-B5DE8E5CD2B7}.Debug|Any CPU.Build.0 = Debug|Any CPU
		{A53DEBD4-5F7C-0EE9-268C-B5DE8E5CD2B7}.Release|Any CPU.ActiveCfg = Release|Any CPU
		{A53DEBD4-5F7C-0EE9-268C-B5DE8E5CD2B7}.Release|Any CPU.Build.0 = Release|Any CPU
	EndGlobalSection
	GlobalSection(SolutionProperties) = preSolution
		HideSolutionNode = FALSE
	EndGlobalSection
EndGlobal
